{
  "name": "discord-api-wrapper",
  "version": "1.6.0",
  "lockfileVersion": 2,
  "requires": true,
  "packages": {
    "": {
      "name": "discord-api-wrapper",
      "version": "1.6.0",
      "license": "MIT",
      "devDependencies": {
        "git-cliff": "^1.1.2"
      },
      "engines": {
        "node": ">=17.5.0"
      }
    },
    "node_modules/git-cliff": {
      "version": "1.1.2",
      "resolved": "https://registry.npmjs.org/git-cliff/-/git-cliff-1.1.2.tgz",
      "integrity": "sha512-sjIhRW8BZSKkr0e9XcEFdxz2SF7lcOOJJuEEc+b07H7zM7WdhLh5dzZM2Et57adC5jUVO6mLpxuWRJSinGl4nQ==",
      "dev": true,
      "bin": {
        "git-cliff": "lib/index.js"
      },
      "optionalDependencies": {
        "git-cliff-darwin-arm64": "1.1.2",
        "git-cliff-darwin-x64": "1.1.2",
        "git-cliff-linux-arm64": "1.1.2",
        "git-cliff-linux-x64": "1.1.2",
        "git-cliff-windows-arm64": "1.1.2",
        "git-cliff-windows-x64": "1.1.2"
      }
    },
    "node_modules/git-cliff-darwin-arm64": {
      "version": "1.1.2",
      "resolved": "https://registry.npmjs.org/git-cliff-darwin-arm64/-/git-cliff-darwin-arm64-1.1.2.tgz",
      "integrity": "sha512-z+pSh6vLrtgoILlWzhisLHiLOuStabJh/ShgbBq0q3JRedUmxfg6WqCi+fHymMkA4AeoXOIS7GGfyV5m+sLQeQ==",
      "cpu": [
        "arm64"
      ],
      "dev": true,
      "optional": true,
      "os": [
        "darwin"
      ]
    },
    "node_modules/git-cliff-darwin-x64": {
      "version": "1.1.2",
      "resolved": "https://registry.npmjs.org/git-cliff-darwin-x64/-/git-cliff-darwin-x64-1.1.2.tgz",
      "integrity": "sha512-dhizA8pGobcxxTS2YQDSs960zFqKfjprDsX/pq+MqgEc68e60B2WSRwFWXd+jK2x/7d7PbnMzlXDqszeDwBpRQ==",
      "cpu": [
        "x64"
      ],
      "dev": true,
      "optional": true,
      "os": [
        "darwin"
      ]
    },
    "node_modules/git-cliff-linux-arm64": {
      "version": "1.1.2",
      "resolved": "https://registry.npmjs.org/git-cliff-linux-arm64/-/git-cliff-linux-arm64-1.1.2.tgz",
      "integrity": "sha512-4TYzQHO8H8FquSxoO/O2IfYN6ZLef4SM5PEDG93jeK958s+/FWnFok8evGSJdoTeyu2MXWdw4J40o1AKl0fcxw==",
      "cpu": [
        "arm64"
      ],
      "dev": true,
      "optional": true,
      "os": [
        "linux"
      ]
    },
    "node_modules/git-cliff-linux-x64": {
      "version": "1.1.2",
      "resolved": "https://registry.npmjs.org/git-cliff-linux-x64/-/git-cliff-linux-x64-1.1.2.tgz",
      "integrity": "sha512-vDLQEITUPHliKVWD69baH1djdsCPpSgUqqbNdX5Xb4bzM8vugIwfpV0XE/BIDC05VUJY2TPLMK1Zh//pdaOhfg==",
      "cpu": [
        "x64"
      ],
      "dev": true,
      "optional": true,
      "os": [
        "linux"
      ]
    },
    "node_modules/git-cliff-windows-arm64": {
      "version": "1.1.2",
      "resolved": "https://registry.npmjs.org/git-cliff-windows-arm64/-/git-cliff-windows-arm64-1.1.2.tgz",
      "integrity": "sha512-wl1S3IU5ewZ6UYzPFZbTZjeyf6/3VIAjDQ0hFWN+LQeo6ttj5RtVzifMRadoCmb2Jgi9RT8qR4plwyL+/NtHlQ==",
      "cpu": [
        "arm64"
      ],
      "dev": true,
      "optional": true,
      "os": [
        "win32"
      ]
    },
    "node_modules/git-cliff-windows-x64": {
      "version": "1.1.2",
      "resolved": "https://registry.npmjs.org/git-cliff-windows-x64/-/git-cliff-windows-x64-1.1.2.tgz",
      "integrity": "sha512-KszFq4Pre+TdJiPuGP+4t1DtXHcVaF9/dBSmwldxWvyAomzeX2wHalquh2iv6YgcFUQ4oe/DP1qiNhLa5xw5/Q==",
      "cpu": [
        "x64"
      ],
      "dev": true,
      "optional": true,
      "os": [
        "win32"
      ]
    }
  },
  "dependencies": {
    "git-cliff": {
      "version": "1.1.2",
      "resolved": "https://registry.npmjs.org/git-cliff/-/git-cliff-1.1.2.tgz",
      "integrity": "sha512-sjIhRW8BZSKkr0e9XcEFdxz2SF7lcOOJJuEEc+b07H7zM7WdhLh5dzZM2Et57adC5jUVO6mLpxuWRJSinGl4nQ==",
      "dev": true,
      "requires": {
        "git-cliff-darwin-arm64": "1.1.2",
        "git-cliff-darwin-x64": "1.1.2",
        "git-cliff-linux-arm64": "1.1.2",
        "git-cliff-linux-x64": "1.1.2",
        "git-cliff-windows-arm64": "1.1.2",
        "git-cliff-windows-x64": "1.1.2"
      }
    },
    "git-cliff-darwin-arm64": {
      "version": "1.1.2",
      "resolved": "https://registry.npmjs.org/git-cliff-darwin-arm64/-/git-cliff-darwin-arm64-1.1.2.tgz",
      "integrity": "sha512-z+pSh6vLrtgoILlWzhisLHiLOuStabJh/ShgbBq0q3JRedUmxfg6WqCi+fHymMkA4AeoXOIS7GGfyV5m+sLQeQ==",
      "dev": true,
      "optional": true
    },
    "git-cliff-darwin-x64": {
      "version": "1.1.2",
      "resolved": "https://registry.npmjs.org/git-cliff-darwin-x64/-/git-cliff-darwin-x64-1.1.2.tgz",
      "integrity": "sha512-dhizA8pGobcxxTS2YQDSs960zFqKfjprDsX/pq+MqgEc68e60B2WSRwFWXd+jK2x/7d7PbnMzlXDqszeDwBpRQ==",
      "dev": true,
      "optional": true
    },
    "git-cliff-linux-arm64": {
      "version": "1.1.2",
      "resolved": "https://registry.npmjs.org/git-cliff-linux-arm64/-/git-cliff-linux-arm64-1.1.2.tgz",
      "integrity": "sha512-4TYzQHO8H8FquSxoO/O2IfYN6ZLef4SM5PEDG93jeK958s+/FWnFok8evGSJdoTeyu2MXWdw4J40o1AKl0fcxw==",
      "dev": true,
      "optional": true
    },
    "git-cliff-linux-x64": {
      "version": "1.1.2",
      "resolved": "https://registry.npmjs.org/git-cliff-linux-x64/-/git-cliff-linux-x64-1.1.2.tgz",
      "integrity": "sha512-vDLQEITUPHliKVWD69baH1djdsCPpSgUqqbNdX5Xb4bzM8vugIwfpV0XE/BIDC05VUJY2TPLMK1Zh//pdaOhfg==",
      "dev": true,
      "optional": true
    },
    "git-cliff-windows-arm64": {
      "version": "1.1.2",
      "resolved": "https://registry.npmjs.org/git-cliff-windows-arm64/-/git-cliff-windows-arm64-1.1.2.tgz",
      "integrity": "sha512-wl1S3IU5ewZ6UYzPFZbTZjeyf6/3VIAjDQ0hFWN+LQeo6ttj5RtVzifMRadoCmb2Jgi9RT8qR4plwyL+/NtHlQ==",
      "dev": true,
      "optional": true
    },
    "git-cliff-windows-x64": {
      "version": "1.1.2",
      "resolved": "https://registry.npmjs.org/git-cliff-windows-x64/-/git-cliff-windows-x64-1.1.2.tgz",
      "integrity": "sha512-KszFq4Pre+TdJiPuGP+4t1DtXHcVaF9/dBSmwldxWvyAomzeX2wHalquh2iv6YgcFUQ4oe/DP1qiNhLa5xw5/Q==",
      "dev": true,
      "optional": true
    }
  }
}
